
Microsoft Visual Studio Solution File, Format Version 12.00
# Visual Studio Version 16
VisualStudioVersion = 16.0.31702.278
MinimumVisualStudioVersion = 10.0.40219.1
Project("{FAE04EC0-301F-11D3-BF4B-00C04F79EFBC}") = "tabletransfer", "tabletransfer\tabletransfer.csproj", "{48E33FA8-A353-4640-AAD0-18372BBEA34C}"
EndProject
Global
	GlobalSection(SolutionConfigurationPlatforms) = preSolution
		Debug|Any CPU = Debug|Any CPU
		Release|Any CPU = Release|Any CPU
	EndGlobalSection
	GlobalSection(ProjectConfigurationPlatforms) = postSolution
		{48E33FA8-A353-4640-AAD0-18372BBEA34C}.Debug|Any CPU.ActiveCfg = Debug|Any CPU
		{48E33FA8-A353-4640-AAD0-18372BBEA34C}.Debug|Any CPU.Build.0 = Debug|Any CPU
		{48E33FA8-A353-4640-AAD0-18372BBEA34C}.Release|Any CPU.ActiveCfg = Release|Any CPU
		{48E33FA8-A353-4640-AAD0-18372BBEA34C}.Release|Any CPU.Build.0 = Release|Any CPU
	EndGlobalSection
	GlobalSection(SolutionProperties) = preSolution
		HideSolutionNode = FALSE
	EndGlobalSection
	GlobalSection(ExtensibilityGlobals) = postSolution
		SolutionGuid = {926B6467-E636-47D6-ACB6-DD61E58A4EB3}
	EndGlobalSection
EndGlobal
